
Microsoft Visual Studio Solution File, Format Version 12.00
# Visual Studio Version 17
VisualStudioVersion = 17.0.31903.59
MinimumVisualStudioVersion = 10.0.40219.1
Project("{FAE04EC0-301F-11D3-BF4B-00C04F79EFBC}") = "Resource.Service", "Resource.Service.csproj", "{034A418D-F67E-4437-971D-285F1FE47807}"
EndProject
Project("{FAE04EC0-301F-11D3-BF4B-00C04F79EFBC}") = "Resource.Service.Tests", "Resource.Service.Tests\Resource.Service.Tests.csproj", "{8D36C5CA-C50E-49FE-A5A9-E52740DE4E00}"
EndProject
Project("{FAE04EC0-301F-11D3-BF4B-00C04F79EFBC}") = "Resource.Service.IntegrationTests", "Resource.Service.IntegrationTests\Resource.Service.IntegrationTests.csproj", "{A31CA7A3-7C09-4F8B-B6D5-9A1DC5AEB2CA}"
EndProject
Global
	GlobalSection(SolutionConfigurationPlatforms) = preSolution
		Debug|Any CPU = Debug|Any CPU
		Debug|x64 = Debug|x64
		Debug|x86 = Debug|x86
		Release|Any CPU = Release|Any CPU
		Release|x64 = Release|x64
		Release|x86 = Release|x86
	EndGlobalSection
	GlobalSection(ProjectConfigurationPlatforms) = postSolution
		{034A418D-F67E-4437-971D-285F1FE47807}.Debug|Any CPU.ActiveCfg = Debug|Any CPU
		{034A418D-F67E-4437-971D-285F1FE47807}.Debug|Any CPU.Build.0 = Debug|Any CPU
		{034A418D-F67E-4437-971D-285F1FE47807}.Debug|x64.ActiveCfg = Debug|Any CPU
		{034A418D-F67E-4437-971D-285F1FE47807}.Debug|x64.Build.0 = Debug|Any CPU
		{034A418D-F67E-4437-971D-285F1FE47807}.Debug|x86.ActiveCfg = Debug|Any CPU
		{034A418D-F67E-4437-971D-285F1FE47807}.Debug|x86.Build.0 = Debug|Any CPU
		{034A418D-F67E-4437-971D-285F1FE47807}.Release|Any CPU.ActiveCfg = Release|Any CPU
		{034A418D-F67E-4437-971D-285F1FE47807}.Release|Any CPU.Build.0 = Release|Any CPU
		{034A418D-F67E-4437-971D-285F1FE47807}.Release|x64.ActiveCfg = Release|Any CPU
		{034A418D-F67E-4437-971D-285F1FE47807}.Release|x64.Build.0 = Release|Any CPU
		{034A418D-F67E-4437-971D-285F1FE47807}.Release|x86.ActiveCfg = Release|Any CPU
		{034A418D-F67E-4437-971D-285F1FE47807}.Release|x86.Build.0 = Release|Any CPU
		{8D36C5CA-C50E-49FE-A5A9-E52740DE4E00}.Debug|Any CPU.ActiveCfg = Debug|Any CPU
		{8D36C5CA-C50E-49FE-A5A9-E52740DE4E00}.Debug|Any CPU.Build.0 = Debug|Any CPU
		{8D36C5CA-C50E-49FE-A5A9-E52740DE4E00}.Debug|x64.ActiveCfg = Debug|Any CPU
		{8D36C5CA-C50E-49FE-A5A9-E52740DE4E00}.Debug|x64.Build.0 = Debug|Any CPU
		{8D36C5CA-C50E-49FE-A5A9-E52740DE4E00}.Debug|x86.ActiveCfg = Debug|Any CPU
		{8D36C5CA-C50E-49FE-A5A9-E52740DE4E00}.Debug|x86.Build.0 = Debug|Any CPU
		{8D36C5CA-C50E-49FE-A5A9-E52740DE4E00}.Release|Any CPU.ActiveCfg = Release|Any CPU
		{8D36C5CA-C50E-49FE-A5A9-E52740DE4E00}.Release|Any CPU.Build.0 = Release|Any CPU
		{8D36C5CA-C50E-49FE-A5A9-E52740DE4E00}.Release|x64.ActiveCfg = Release|Any CPU
		{8D36C5CA-C50E-49FE-A5A9-E52740DE4E00}.Release|x64.Build.0 = Release|Any CPU
		{8D36C5CA-C50E-49FE-A5A9-E52740DE4E00}.Release|x86.ActiveCfg = Release|Any CPU
		{8D36C5CA-C50E-49FE-A5A9-E52740DE4E00}.Release|x86.Build.0 = Release|Any CPU
		{A31CA7A3-7C09-4F8B-B6D5-9A1DC5AEB2CA}.Debug|Any CPU.ActiveCfg = Debug|Any CPU
		{A31CA7A3-7C09-4F8B-B6D5-9A1DC5AEB2CA}.Debug|Any CPU.Build.0 = Debug|Any CPU
		{A31CA7A3-7C09-4F8B-B6D5-9A1DC5AEB2CA}.Debug|x64.ActiveCfg = Debug|Any CPU
		{A31CA7A3-7C09-4F8B-B6D5-9A1DC5AEB2CA}.Debug|x64.Build.0 = Debug|Any CPU
		{A31CA7A3-7C09-4F8B-B6D5-9A1DC5AEB2CA}.Debug|x86.ActiveCfg = Debug|Any CPU
		{A31CA7A3-7C09-4F8B-B6D5-9A1DC5AEB2CA}.Debug|x86.Build.0 = Debug|Any CPU
		{A31CA7A3-7C09-4F8B-B6D5-9A1DC5AEB2CA}.Release|Any CPU.ActiveCfg = Release|Any CPU
		{A31CA7A3-7C09-4F8B-B6D5-9A1DC5AEB2CA}.Release|Any CPU.Build.0 = Release|Any CPU
		{A31CA7A3-7C09-4F8B-B6D5-9A1DC5AEB2CA}.Release|x64.ActiveCfg = Release|Any CPU
		{A31CA7A3-7C09-4F8B-B6D5-9A1DC5AEB2CA}.Release|x64.Build.0 = Release|Any CPU
		{A31CA7A3-7C09-4F8B-B6D5-9A1DC5AEB2CA}.Release|x86.ActiveCfg = Release|Any CPU
		{A31CA7A3-7C09-4F8B-B6D5-9A1DC5AEB2CA}.Release|x86.Build.0 = Release|Any CPU
	EndGlobalSection
	GlobalSection(SolutionProperties) = preSolution
		HideSolutionNode = FALSE
	EndGlobalSection
EndGlobal
